
Microsoft Visual Studio Solution File, Format Version 12.00
# Visual Studio Version 16
VisualStudioVersion = 16.0.31205.134
MinimumVisualStudioVersion = 10.0.40219.1
Project("{FAE04EC0-301F-11D3-BF4B-00C04F79EFBC}") = "WorkerList", "WorkerList\WorkerList.csproj", "{C9FD814A-8058-4492-A47D-F27DD803A1E3}"
EndProject
Global
	GlobalSection(SolutionConfigurationPlatforms) = preSolution
		Debug|Any CPU = Debug|Any CPU
		Release|Any CPU = Release|Any CPU
	EndGlobalSection
	GlobalSection(ProjectConfigurationPlatforms) = postSolution
		{C9FD814A-8058-4492-A47D-F27DD803A1E3}.Debug|Any CPU.ActiveCfg = Debug|Any CPU
		{C9FD814A-8058-4492-A47D-F27DD803A1E3}.Debug|Any CPU.Build.0 = Debug|Any CPU
		{C9FD814A-8058-4492-A47D-F27DD803A1E3}.Release|Any CPU.ActiveCfg = Release|Any CPU
		{C9FD814A-8058-4492-A47D-F27DD803A1E3}.Release|Any CPU.Build.0 = Release|Any CPU
	EndGlobalSection
	GlobalSection(SolutionProperties) = preSolution
		HideSolutionNode = FALSE
	EndGlobalSection
	GlobalSection(ExtensibilityGlobals) = postSolution
		SolutionGuid = {DD05E26D-3037-4080-9C3A-9A15CC006E9E}
	EndGlobalSection
EndGlobal
